
Microsoft Visual Studio Solution File, Format Version 11.00
# Visual C# Express 2010
Project("{FAE04EC0-301F-11D3-BF4B-00C04F79EFBC}") = "BildDownload", "BildDownload\BildDownload.csproj", "{39EF0DB7-5FA5-4548-894B-3DC1C8BEFFB2}"
EndProject
Global
	GlobalSection(SolutionConfigurationPlatforms) = preSolution
		Debug|x86 = Debug|x86
		Release|x86 = Release|x86
	EndGlobalSection
	GlobalSection(ProjectConfigurationPlatforms) = postSolution
		{39EF0DB7-5FA5-4548-894B-3DC1C8BEFFB2}.Debug|x86.ActiveCfg = Debug|x86
		{39EF0DB7-5FA5-4548-894B-3DC1C8BEFFB2}.Debug|x86.Build.0 = Debug|x86
		{39EF0DB7-5FA5-4548-894B-3DC1C8BEFFB2}.Release|x86.ActiveCfg = Release|x86
		{39EF0DB7-5FA5-4548-894B-3DC1C8BEFFB2}.Release|x86.Build.0 = Release|x86
	EndGlobalSection
	GlobalSection(SolutionProperties) = preSolution
		HideSolutionNode = FALSE
	EndGlobalSection
EndGlobal
